// !$*UTF8*$!
{
	archiveVersion = 1;
	classes = {
	};
	objectVersion = 46;
	objects = {

/* Begin PBXBuildFile section */
		3B4AF9EB1DA93C2C001E99E3 /* AFHTTPSessionManager.m in Sources */ = {isa = PBXBuildFile; fileRef = 3B4AF9BC1DA93C2C001E99E3 /* AFHTTPSessionManager.m */; };
		3B4AF9EC1DA93C2C001E99E3 /* AFNetworkReachabilityManager.m in Sources */ = {isa = PBXBuildFile; fileRef = 3B4AF9BF1DA93C2C001E99E3 /* AFNetworkReachabilityManager.m */; };
		3B4AF9ED1DA93C2C001E99E3 /* AFSecurityPolicy.m in Sources */ = {isa = PBXBuildFile; fileRef = 3B4AF9C11DA93C2C001E99E3 /* AFSecurityPolicy.m */; };
		3B4AF9EE1DA93C2C001E99E3 /* AFURLRequestSerialization.m in Sources */ = {isa = PBXBuildFile; fileRef = 3B4AF9C31DA93C2C001E99E3 /* AFURLRequestSerialization.m */; };
		3B4AF9EF1DA93C2C001E99E3 /* AFURLResponseSerialization.m in Sources */ = {isa = PBXBuildFile; fileRef = 3B4AF9C51DA93C2C001E99E3 /* AFURLResponseSerialization.m */; };
		3B4AF9F01DA93C2C001E99E3 /* AFURLSessionManager.m in Sources */ = {isa = PBXBuildFile; fileRef = 3B4AF9C71DA93C2C001E99E3 /* AFURLSessionManager.m */; };
		3B4AF9F11DA93C2C001E99E3 /* LICENSE in Resources */ = {isa = PBXBuildFile; fileRef = 3B4AF9C81DA93C2C001E99E3 /* LICENSE */; };
		3B4AF9F21DA93C2C001E99E3 /* README.md in Sources */ = {isa = PBXBuildFile; fileRef = 3B4AF9C91DA93C2C001E99E3 /* README.md */; };
		3B4AF9F31DA93C2C001E99E3 /* AFAutoPurgingImageCache.m in Sources */ = {isa = PBXBuildFile; fileRef = 3B4AF9CC1DA93C2C001E99E3 /* AFAutoPurgingImageCache.m */; };
		3B4AF9F41DA93C2C001E99E3 /* AFImageDownloader.m in Sources */ = {isa = PBXBuildFile; fileRef = 3B4AF9CE1DA93C2C001E99E3 /* AFImageDownloader.m */; };
		3B4AF9F51DA93C2C001E99E3 /* AFNetworkActivityIndicatorManager.m in Sources */ = {isa = PBXBuildFile; fileRef = 3B4AF9D01DA93C2C001E99E3 /* AFNetworkActivityIndicatorManager.m */; };
		3B4AF9F61DA93C2C001E99E3 /* UIActivityIndicatorView+AFNetworking.m in Sources */ = {isa = PBXBuildFile; fileRef = 3B4AF9D21DA93C2C001E99E3 /* UIActivityIndicatorView+AFNetworking.m */; };
		3B4AF9F71DA93C2C001E99E3 /* UIButton+AFNetworking.m in Sources */ = {isa = PBXBuildFile; fileRef = 3B4AF9D41DA93C2C001E99E3 /* UIButton+AFNetworking.m */; };
		3B4AF9F81DA93C2C001E99E3 /* UIImageView+AFNetworking.m in Sources */ = {isa = PBXBuildFile; fileRef = 3B4AF9D71DA93C2C001E99E3 /* UIImageView+AFNetworking.m */; };
		3B4AF9F91DA93C2C001E99E3 /* UIProgressView+AFNetworking.m in Sources */ = {isa = PBXBuildFile; fileRef = 3B4AF9DA1DA93C2C001E99E3 /* UIProgressView+AFNetworking.m */; };
		3B4AF9FA1DA93C2C001E99E3 /* UIRefreshControl+AFNetworking.m in Sources */ = {isa = PBXBuildFile; fileRef = 3B4AF9DC1DA93C2C001E99E3 /* UIRefreshControl+AFNetworking.m */; };
		3B4AF9FB1DA93C2C001E99E3 /* UIWebView+AFNetworking.m in Sources */ = {isa = PBXBuildFile; fileRef = 3B4AF9DE1DA93C2C001E99E3 /* UIWebView+AFNetworking.m */; };
		3B4AF9FC1DA93C2C001E99E3 /* LICENSE in Resources */ = {isa = PBXBuildFile; fileRef = 3B4AF9E01DA93C2C001E99E3 /* LICENSE */; };
		3B4AF9FD1DA93C2C001E99E3 /* README.md in Sources */ = {isa = PBXBuildFile; fileRef = 3B4AF9E11DA93C2C001E99E3 /* README.md */; };
		3B4AF9FE1DA93C2C001E99E3 /* YYCache.m in Sources */ = {isa = PBXBuildFile; fileRef = 3B4AF9E41DA93C2C001E99E3 /* YYCache.m */; };
		3B4AF9FF1DA93C2C001E99E3 /* YYDiskCache.m in Sources */ = {isa = PBXBuildFile; fileRef = 3B4AF9E61DA93C2C001E99E3 /* YYDiskCache.m */; };
		3B4AFA001DA93C2C001E99E3 /* YYKVStorage.m in Sources */ = {isa = PBXBuildFile; fileRef = 3B4AF9E81DA93C2C001E99E3 /* YYKVStorage.m */; };
		3B4AFA011DA93C2C001E99E3 /* YYMemoryCache.m in Sources */ = {isa = PBXBuildFile; fileRef = 3B4AF9EA1DA93C2C001E99E3 /* YYMemoryCache.m */; };
		3B4AFA041DA9452F001E99E3 /* LLNetWorkCache.m in Sources */ = {isa = PBXBuildFile; fileRef = 3B4AFA031DA9452F001E99E3 /* LLNetWorkCache.m */; };
		3BAC4AA21DA93665005BE24A /* LLNetWorkHelper.m in Sources */ = {isa = PBXBuildFile; fileRef = 3BAC4AA11DA93665005BE24A /* LLNetWorkHelper.m */; };
		3BCBEA861DA0AD5500BE6315 /* main.m in Sources */ = {isa = PBXBuildFile; fileRef = 3BCBEA851DA0AD5500BE6315 /* main.m */; };
		3BCBEA891DA0AD5500BE6315 /* AppDelegate.m in Sources */ = {isa = PBXBuildFile; fileRef = 3BCBEA881DA0AD5500BE6315 /* AppDelegate.m */; };
		3BCBEA8C1DA0AD5500BE6315 /* ViewController.m in Sources */ = {isa = PBXBuildFile; fileRef = 3BCBEA8B1DA0AD5500BE6315 /* ViewController.m */; };
		3BCBEA8F1DA0AD5500BE6315 /* Main.storyboard in Resources */ = {isa = PBXBuildFile; fileRef = 3BCBEA8D1DA0AD5500BE6315 /* Main.storyboard */; };
		3BCBEA911DA0AD5500BE6315 /* Assets.xcassets in Resources */ = {isa = PBXBuildFile; fileRef = 3BCBEA901DA0AD5500BE6315 /* Assets.xcassets */; };
		3BCBEA941DA0AD5500BE6315 /* LaunchScreen.storyboard in Resources */ = {isa = PBXBuildFile; fileRef = 3BCBEA921DA0AD5500BE6315 /* LaunchScreen.storyboard */; };
		3BCBEA9F1DA0AD5500BE6315 /* LSHNetWorkRequestTests.m in Sources */ = {isa = PBXBuildFile; fileRef = 3BCBEA9E1DA0AD5500BE6315 /* LSHNetWorkRequestTests.m */; };
		3BCBEAAA1DA0AD5500BE6315 /* LSHNetWorkRequestUITests.m in Sources */ = {isa = PBXBuildFile; fileRef = 3BCBEAA91DA0AD5500BE6315 /* LSHNetWorkRequestUITests.m */; };
/* End PBXBuildFile section */

/* Begin PBXContainerItemProxy section */
		3BCBEA9B1DA0AD5500BE6315 /* PBXContainerItemProxy */ = {
			isa = PBXContainerItemProxy;
			containerPortal = 3BCBEA791DA0AD5500BE6315 /* Project object */;
			proxyType = 1;
			remoteGlobalIDString = 3BCBEA801DA0AD5500BE6315;
			remoteInfo = LSHNetWorkRequest;
		};
		3BCBEAA61DA0AD5500BE6315 /* PBXContainerItemProxy */ = {
			isa = PBXContainerItemProxy;
			containerPortal = 3BCBEA791DA0AD5500BE6315 /* Project object */;
			proxyType = 1;
			remoteGlobalIDString = 3BCBEA801DA0AD5500BE6315;
			remoteInfo = LSHNetWorkRequest;
		};
/* End PBXContainerItemProxy section */

/* Begin PBXFileReference section */
		3B4AF9BB1DA93C2C001E99E3 /* AFHTTPSessionManager.h */ = {isa = PBXFileReference; fileEncoding = 4; lastKnownFileType = sourcecode.c.h; path = AFHTTPSessionManager.h; sourceTree = "<group>"; };
		3B4AF9BC1DA93C2C001E99E3 /* AFHTTPSessionManager.m */ = {isa = PBXFileReference; fileEncoding = 4; lastKnownFileType = sourcecode.c.objc; path = AFHTTPSessionManager.m; sourceTree = "<group>"; };
		3B4AF9BD1DA93C2C001E99E3 /* AFNetworking.h */ = {isa = PBXFileReference; fileEncoding = 4; lastKnownFileType = sourcecode.c.h; path = AFNetworking.h; sourceTree = "<group>"; };
		3B4AF9BE1DA93C2C001E99E3 /* AFNetworkReachabilityManager.h */ = {isa = PBXFileReference; fileEncoding = 4; lastKnownFileType = sourcecode.c.h; path = AFNetworkReachabilityManager.h; sourceTree = "<group>"; };
		3B4AF9BF1DA93C2C001E99E3 /* AFNetworkReachabilityManager.m */ = {isa = PBXFileReference; fileEncoding = 4; lastKnownFileType = sourcecode.c.objc; path = AFNetworkReachabilityManager.m; sourceTree = "<group>"; };
		3B4AF9C01DA93C2C001E99E3 /* AFSecurityPolicy.h */ = {isa = PBXFileReference; fileEncoding = 4; lastKnownFileType = sourcecode.c.h; path = AFSecurityPolicy.h; sourceTree = "<group>"; };
		3B4AF9C11DA93C2C001E99E3 /* AFSecurityPolicy.m */ = {isa = PBXFileReference; fileEncoding = 4; lastKnownFileType = sourcecode.c.objc; path = AFSecurityPolicy.m; sourceTree = "<group>"; };
		3B4AF9C21DA93C2C001E99E3 /* AFURLRequestSerialization.h */ = {isa = PBXFileReference; fileEncoding = 4; lastKnownFileType = sourcecode.c.h; path = AFURLRequestSerialization.h; sourceTree = "<group>"; };
		3B4AF9C31DA93C2C001E99E3 /* AFURLRequestSerialization.m */ = {isa = PBXFileReference; fileEncoding = 4; lastKnownFileType = sourcecode.c.objc; path = AFURLRequestSerialization.m; sourceTree = "<group>"; };
		3B4AF9C41DA93C2C001E99E3 /* AFURLResponseSerialization.h */ = {isa = PBXFileReference; fileEncoding = 4; lastKnownFileType = sourcecode.c.h; path = AFURLResponseSerialization.h; sourceTree = "<group>"; };
		3B4AF9C51DA93C2C001E99E3 /* AFURLResponseSerialization.m */ = {isa = PBXFileReference; fileEncoding = 4; lastKnownFileType = sourcecode.c.objc; path = AFURLResponseSerialization.m; sourceTree = "<group>"; };
		3B4AF9C61DA93C2C001E99E3 /* AFURLSessionManager.h */ = {isa = PBXFileReference; fileEncoding = 4; lastKnownFileType = sourcecode.c.h; path = AFURLSessionManager.h; sourceTree = "<group>"; };
		3B4AF9C71DA93C2C001E99E3 /* AFURLSessionManager.m */ = {isa = PBXFileReference; fileEncoding = 4; lastKnownFileType = sourcecode.c.objc; path = AFURLSessionManager.m; sourceTree = "<group>"; };
		3B4AF9C81DA93C2C001E99E3 /* LICENSE */ = {isa = PBXFileReference; fileEncoding = 4; lastKnownFileType = text; path = LICENSE; sourceTree = "<group>"; };
		3B4AF9C91DA93C2C001E99E3 /* README.md */ = {isa = PBXFileReference; fileEncoding = 4; lastKnownFileType = net.daringfireball.markdown; path = README.md; sourceTree = "<group>"; };
		3B4AF9CB1DA93C2C001E99E3 /* AFAutoPurgingImageCache.h */ = {isa = PBXFileReference; fileEncoding = 4; lastKnownFileType = sourcecode.c.h; path = AFAutoPurgingImageCache.h; sourceTree = "<group>"; };
		3B4AF9CC1DA93C2C001E99E3 /* AFAutoPurgingImageCache.m */ = {isa = PBXFileReference; fileEncoding = 4; lastKnownFileType = sourcecode.c.objc; path = AFAutoPurgingImageCache.m; sourceTree = "<group>"; };
		3B4AF9CD1DA93C2C001E99E3 /* AFImageDownloader.h */ = {isa = PBXFileReference; fileEncoding = 4; lastKnownFileType = sourcecode.c.h; path = AFImageDownloader.h; sourceTree = "<group>"; };
		3B4AF9CE1DA93C2C001E99E3 /* AFImageDownloader.m */ = {isa = PBXFileReference; fileEncoding = 4; lastKnownFileType = sourcecode.c.objc; path = AFImageDownloader.m; sourceTree = "<group>"; };
		3B4AF9CF1DA93C2C001E99E3 /* AFNetworkActivityIndicatorManager.h */ = {isa = PBXFileReference; fileEncoding = 4; lastKnownFileType = sourcecode.c.h; path = AFNetworkActivityIndicatorManager.h; sourceTree = "<group>"; };
		3B4AF9D01DA93C2C001E99E3 /* AFNetworkActivityIndicatorManager.m */ = {isa = PBXFileReference; fileEncoding = 4; lastKnownFileType = sourcecode.c.objc; path = AFNetworkActivityIndicatorManager.m; sourceTree = "<group>"; };
		3B4AF9D11DA93C2C001E99E3 /* UIActivityIndicatorView+AFNetworking.h */ = {isa = PBXFileReference; fileEncoding = 4; lastKnownFileType = sourcecode.c.h; path = "UIActivityIndicatorView+AFNetworking.h"; sourceTree = "<group>"; };
		3B4AF9D21DA93C2C001E99E3 /* UIActivityIndicatorView+AFNetworking.m */ = {isa = PBXFileReference; fileEncoding = 4; lastKnownFileType = sourcecode.c.objc; path = "UIActivityIndicatorView+AFNetworking.m"; sourceTree = "<group>"; };
		3B4AF9D31DA93C2C001E99E3 /* UIButton+AFNetworking.h */ = {isa = PBXFileReference; fileEncoding = 4; lastKnownFileType = sourcecode.c.h; path = "UIButton+AFNetworking.h"; sourceTree = "<group>"; };
		3B4AF9D41DA93C2C001E99E3 /* UIButton+AFNetworking.m */ = {isa = PBXFileReference; fileEncoding = 4; lastKnownFileType = sourcecode.c.objc; path = "UIButton+AFNetworking.m"; sourceTree = "<group>"; };
		3B4AF9D51DA93C2C001E99E3 /* UIImage+AFNetworking.h */ = {isa = PBXFileReference; fileEncoding = 4; lastKnownFileType = sourcecode.c.h; path = "UIImage+AFNetworking.h"; sourceTree = "<group>"; };
		3B4AF9D61DA93C2C001E99E3 /* UIImageView+AFNetworking.h */ = {isa = PBXFileReference; fileEncoding = 4; lastKnownFileType = sourcecode.c.h; path = "UIImageView+AFNetworking.h"; sourceTree = "<group>"; };
		3B4AF9D71DA93C2C001E99E3 /* UIImageView+AFNetworking.m */ = {isa = PBXFileReference; fileEncoding = 4; lastKnownFileType = sourcecode.c.objc; path = "UIImageView+AFNetworking.m"; sourceTree = "<group>"; };
		3B4AF9D81DA93C2C001E99E3 /* UIKit+AFNetworking.h */ = {isa = PBXFileReference; fileEncoding = 4; lastKnownFileType = sourcecode.c.h; path = "UIKit+AFNetworking.h"; sourceTree = "<group>"; };
		3B4AF9D91DA93C2C001E99E3 /* UIProgressView+AFNetworking.h */ = {isa = PBXFileReference; fileEncoding = 4; lastKnownFileType = sourcecode.c.h; path = "UIProgressView+AFNetworking.h"; sourceTree = "<group>"; };
		3B4AF9DA1DA93C2C001E99E3 /* UIProgressView+AFNetworking.m */ = {isa = PBXFileReference; fileEncoding = 4; lastKnownFileType = sourcecode.c.objc; path = "UIProgressView+AFNetworking.m"; sourceTree = "<group>"; };
		3B4AF9DB1DA93C2C001E99E3 /* UIRefreshControl+AFNetworking.h */ = {isa = PBXFileReference; fileEncoding = 4; lastKnownFileType = sourcecode.c.h; path = "UIRefreshControl+AFNetworking.h"; sourceTree = "<group>"; };
		3B4AF9DC1DA93C2C001E99E3 /* UIRefreshControl+AFNetworking.m */ = {isa = PBXFileReference; fileEncoding = 4; lastKnownFileType = sourcecode.c.objc; path = "UIRefreshControl+AFNetworking.m"; sourceTree = "<group>"; };
		3B4AF9DD1DA93C2C001E99E3 /* UIWebView+AFNetworking.h */ = {isa = PBXFileReference; fileEncoding = 4; lastKnownFileType = sourcecode.c.h; path = "UIWebView+AFNetworking.h"; sourceTree = "<group>"; };
		3B4AF9DE1DA93C2C001E99E3 /* UIWebView+AFNetworking.m */ = {isa = PBXFileReference; fileEncoding = 4; lastKnownFileType = sourcecode.c.objc; path = "UIWebView+AFNetworking.m"; sourceTree = "<group>"; };
		3B4AF9E01DA93C2C001E99E3 /* LICENSE */ = {isa = PBXFileReference; fileEncoding = 4; lastKnownFileType = text; path = LICENSE; sourceTree = "<group>"; };
		3B4AF9E11DA93C2C001E99E3 /* README.md */ = {isa = PBXFileReference; fileEncoding = 4; lastKnownFileType = net.daringfireball.markdown; path = README.md; sourceTree = "<group>"; };
		3B4AF9E31DA93C2C001E99E3 /* YYCache.h */ = {isa = PBXFileReference; fileEncoding = 4; lastKnownFileType = sourcecode.c.h; path = YYCache.h; sourceTree = "<group>"; };
		3B4AF9E41DA93C2C001E99E3 /* YYCache.m */ = {isa = PBXFileReference; fileEncoding = 4; lastKnownFileType = sourcecode.c.objc; path = YYCache.m; sourceTree = "<group>"; };
		3B4AF9E51DA93C2C001E99E3 /* YYDiskCache.h */ = {isa = PBXFileReference; fileEncoding = 4; lastKnownFileType = sourcecode.c.h; path = YYDiskCache.h; sourceTree = "<group>"; };
		3B4AF9E61DA93C2C001E99E3 /* YYDiskCache.m */ = {isa = PBXFileReference; fileEncoding = 4; lastKnownFileType = sourcecode.c.objc; path = YYDiskCache.m; sourceTree = "<group>"; };
		3B4AF9E71DA93C2C001E99E3 /* YYKVStorage.h */ = {isa = PBXFileReference; fileEncoding = 4; lastKnownFileType = sourcecode.c.h; path = YYKVStorage.h; sourceTree = "<group>"; };
		3B4AF9E81DA93C2C001E99E3 /* YYKVStorage.m */ = {isa = PBXFileReference; fileEncoding = 4; lastKnownFileType = sourcecode.c.objc; path = YYKVStorage.m; sourceTree = "<group>"; };
		3B4AF9E91DA93C2C001E99E3 /* YYMemoryCache.h */ = {isa = PBXFileReference; fileEncoding = 4; lastKnownFileType = sourcecode.c.h; path = YYMemoryCache.h; sourceTree = "<group>"; };
		3B4AF9EA1DA93C2C001E99E3 /* YYMemoryCache.m */ = {isa = PBXFileReference; fileEncoding = 4; lastKnownFileType = sourcecode.c.objc; path = YYMemoryCache.m; sourceTree = "<group>"; };
		3B4AFA021DA9452F001E99E3 /* LLNetWorkCache.h */ = {isa = PBXFileReference; fileEncoding = 4; lastKnownFileType = sourcecode.c.h; path = LLNetWorkCache.h; sourceTree = "<group>"; };
		3B4AFA031DA9452F001E99E3 /* LLNetWorkCache.m */ = {isa = PBXFileReference; fileEncoding = 4; lastKnownFileType = sourcecode.c.objc; path = LLNetWorkCache.m; sourceTree = "<group>"; };
		3BAC4AA01DA93665005BE24A /* LLNetWorkHelper.h */ = {isa = PBXFileReference; fileEncoding = 4; lastKnownFileType = sourcecode.c.h; path = LLNetWorkHelper.h; sourceTree = "<group>"; };
		3BAC4AA11DA93665005BE24A /* LLNetWorkHelper.m */ = {isa = PBXFileReference; fileEncoding = 4; lastKnownFileType = sourcecode.c.objc; path = LLNetWorkHelper.m; sourceTree = "<group>"; };
		3BCBEA811DA0AD5500BE6315 /* LSHNetWorkRequest.app */ = {isa = PBXFileReference; explicitFileType = wrapper.application; includeInIndex = 0; path = LSHNetWorkRequest.app; sourceTree = BUILT_PRODUCTS_DIR; };
		3BCBEA851DA0AD5500BE6315 /* main.m */ = {isa = PBXFileReference; lastKnownFileType = sourcecode.c.objc; path = main.m; sourceTree = "<group>"; };
		3BCBEA871DA0AD5500BE6315 /* AppDelegate.h */ = {isa = PBXFileReference; lastKnownFileType = sourcecode.c.h; path = AppDelegate.h; sourceTree = "<group>"; };
		3BCBEA881DA0AD5500BE6315 /* AppDelegate.m */ = {isa = PBXFileReference; lastKnownFileType = sourcecode.c.objc; path = AppDelegate.m; sourceTree = "<group>"; };
		3BCBEA8A1DA0AD5500BE6315 /* ViewController.h */ = {isa = PBXFileReference; lastKnownFileType = sourcecode.c.h; path = ViewController.h; sourceTree = "<group>"; };
		3BCBEA8B1DA0AD5500BE6315 /* ViewController.m */ = {isa = PBXFileReference; lastKnownFileType = sourcecode.c.objc; path = ViewController.m; sourceTree = "<group>"; };
		3BCBEA8E1DA0AD5500BE6315 /* Base */ = {isa = PBXFileReference; lastKnownFileType = file.storyboard; name = Base; path = Base.lproj/Main.storyboard; sourceTree = "<group>"; };
		3BCBEA901DA0AD5500BE6315 /* Assets.xcassets */ = {isa = PBXFileReference; lastKnownFileType = folder.assetcatalog; path = Assets.xcassets; sourceTree = "<group>"; };
		3BCBEA931DA0AD5500BE6315 /* Base */ = {isa = PBXFileReference; lastKnownFileType = file.storyboard; name = Base; path = Base.lproj/LaunchScreen.storyboard; sourceTree = "<group>"; };
		3BCBEA951DA0AD5500BE6315 /* Info.plist */ = {isa = PBXFileReference; lastKnownFileType = text.plist.xml; path = Info.plist; sourceTree = "<group>"; };
		3BCBEA9A1DA0AD5500BE6315 /* LSHNetWorkRequestTests.xctest */ = {isa = PBXFileReference; explicitFileType = wrapper.cfbundle; includeInIndex = 0; path = LSHNetWorkRequestTests.xctest; sourceTree = BUILT_PRODUCTS_DIR; };
		3BCBEA9E1DA0AD5500BE6315 /* LSHNetWorkRequestTests.m */ = {isa = PBXFileReference; lastKnownFileType = sourcecode.c.objc; path = LSHNetWorkRequestTests.m; sourceTree = "<group>"; };
		3BCBEAA01DA0AD5500BE6315 /* Info.plist */ = {isa = PBXFileReference; lastKnownFileType = text.plist.xml; path = Info.plist; sourceTree = "<group>"; };
		3BCBEAA51DA0AD5500BE6315 /* LSHNetWorkRequestUITests.xctest */ = {isa = PBXFileReference; explicitFileType = wrapper.cfbundle; includeInIndex = 0; path = LSHNetWorkRequestUITests.xctest; sourceTree = BUILT_PRODUCTS_DIR; };
		3BCBEAA91DA0AD5500BE6315 /* LSHNetWorkRequestUITests.m */ = {isa = PBXFileReference; lastKnownFileType = sourcecode.c.objc; path = LSHNetWorkRequestUITests.m; sourceTree = "<group>"; };
		3BCBEAAB1DA0AD5500BE6315 /* Info.plist */ = {isa = PBXFileReference; lastKnownFileType = text.plist.xml; path = Info.plist; sourceTree = "<group>"; };
/* End PBXFileReference section */

/* Begin PBXFrameworksBuildPhase section */
		3BCBEA7E1DA0AD5500BE6315 /* Frameworks */ = {
			isa = PBXFrameworksBuildPhase;
			buildActionMask = 2147483647;
			files = (
			);
			runOnlyForDeploymentPostprocessing = 0;
		};
		3BCBEA971DA0AD5500BE6315 /* Frameworks */ = {
			isa = PBXFrameworksBuildPhase;
			buildActionMask = 2147483647;
			files = (
			);
			runOnlyForDeploymentPostprocessing = 0;
		};
		3BCBEAA21DA0AD5500BE6315 /* Frameworks */ = {
			isa = PBXFrameworksBuildPhase;
			buildActionMask = 2147483647;
			files = (
			);
			runOnlyForDeploymentPostprocessing = 0;
		};
/* End PBXFrameworksBuildPhase section */

/* Begin PBXGroup section */
		3B4AF9B81DA93C2C001E99E3 /* Libs */ = {
			isa = PBXGroup;
			children = (
				3B4AF9B91DA93C2C001E99E3 /* AFNetworking */,
				3B4AF9DF1DA93C2C001E99E3 /* YYCache */,
			);
			path = Libs;
			sourceTree = "<group>";
		};
		3B4AF9B91DA93C2C001E99E3 /* AFNetworking */ = {
			isa = PBXGroup;
			children = (
				3B4AF9BA1DA93C2C001E99E3 /* AFNetworking */,
				3B4AF9C81DA93C2C001E99E3 /* LICENSE */,
				3B4AF9C91DA93C2C001E99E3 /* README.md */,
				3B4AF9CA1DA93C2C001E99E3 /* UIKit+AFNetworking */,
			);
			path = AFNetworking;
			sourceTree = "<group>";
		};
		3B4AF9BA1DA93C2C001E99E3 /* AFNetworking */ = {
			isa = PBXGroup;
			children = (
				3B4AF9BB1DA93C2C001E99E3 /* AFHTTPSessionManager.h */,
				3B4AF9BC1DA93C2C001E99E3 /* AFHTTPSessionManager.m */,
				3B4AF9BD1DA93C2C001E99E3 /* AFNetworking.h */,
				3B4AF9BE1DA93C2C001E99E3 /* AFNetworkReachabilityManager.h */,
				3B4AF9BF1DA93C2C001E99E3 /* AFNetworkReachabilityManager.m */,
				3B4AF9C01DA93C2C001E99E3 /* AFSecurityPolicy.h */,
				3B4AF9C11DA93C2C001E99E3 /* AFSecurityPolicy.m */,
				3B4AF9C21DA93C2C001E99E3 /* AFURLRequestSerialization.h */,
				3B4AF9C31DA93C2C001E99E3 /* AFURLRequestSerialization.m */,
				3B4AF9C41DA93C2C001E99E3 /* AFURLResponseSerialization.h */,
				3B4AF9C51DA93C2C001E99E3 /* AFURLResponseSerialization.m */,
				3B4AF9C61DA93C2C001E99E3 /* AFURLSessionManager.h */,
				3B4AF9C71DA93C2C001E99E3 /* AFURLSessionManager.m */,
			);
			path = AFNetworking;
			sourceTree = "<group>";
		};
		3B4AF9CA1DA93C2C001E99E3 /* UIKit+AFNetworking */ = {
			isa = PBXGroup;
			children = (
				3B4AF9CB1DA93C2C001E99E3 /* AFAutoPurgingImageCache.h */,
				3B4AF9CC1DA93C2C001E99E3 /* AFAutoPurgingImageCache.m */,
				3B4AF9CD1DA93C2C001E99E3 /* AFImageDownloader.h */,
				3B4AF9CE1DA93C2C001E99E3 /* AFImageDownloader.m */,
				3B4AF9CF1DA93C2C001E99E3 /* AFNetworkActivityIndicatorManager.h */,
				3B4AF9D01DA93C2C001E99E3 /* AFNetworkActivityIndicatorManager.m */,
				3B4AF9D11DA93C2C001E99E3 /* UIActivityIndicatorView+AFNetworking.h */,
				3B4AF9D21DA93C2C001E99E3 /* UIActivityIndicatorView+AFNetworking.m */,
				3B4AF9D31DA93C2C001E99E3 /* UIButton+AFNetworking.h */,
				3B4AF9D41DA93C2C001E99E3 /* UIButton+AFNetworking.m */,
				3B4AF9D51DA93C2C001E99E3 /* UIImage+AFNetworking.h */,
				3B4AF9D61DA93C2C001E99E3 /* UIImageView+AFNetworking.h */,
				3B4AF9D71DA93C2C001E99E3 /* UIImageView+AFNetworking.m */,
				3B4AF9D81DA93C2C001E99E3 /* UIKit+AFNetworking.h */,
				3B4AF9D91DA93C2C001E99E3 /* UIProgressView+AFNetworking.h */,
				3B4AF9DA1DA93C2C001E99E3 /* UIProgressView+AFNetworking.m */,
				3B4AF9DB1DA93C2C001E99E3 /* UIRefreshControl+AFNetworking.h */,
				3B4AF9DC1DA93C2C001E99E3 /* UIRefreshControl+AFNetworking.m */,
				3B4AF9DD1DA93C2C001E99E3 /* UIWebView+AFNetworking.h */,
				3B4AF9DE1DA93C2C001E99E3 /* UIWebView+AFNetworking.m */,
			);
			path = "UIKit+AFNetworking";
			sourceTree = "<group>";
		};
		3B4AF9DF1DA93C2C001E99E3 /* YYCache */ = {
			isa = PBXGroup;
			children = (
				3B4AF9E01DA93C2C001E99E3 /* LICENSE */,
				3B4AF9E11DA93C2C001E99E3 /* README.md */,
				3B4AF9E21DA93C2C001E99E3 /* YYCache */,
			);
			path = YYCache;
			sourceTree = "<group>";
		};
		3B4AF9E21DA93C2C001E99E3 /* YYCache */ = {
			isa = PBXGroup;
			children = (
				3B4AF9E31DA93C2C001E99E3 /* YYCache.h */,
				3B4AF9E41DA93C2C001E99E3 /* YYCache.m */,
				3B4AF9E51DA93C2C001E99E3 /* YYDiskCache.h */,
				3B4AF9E61DA93C2C001E99E3 /* YYDiskCache.m */,
				3B4AF9E71DA93C2C001E99E3 /* YYKVStorage.h */,
				3B4AF9E81DA93C2C001E99E3 /* YYKVStorage.m */,
				3B4AF9E91DA93C2C001E99E3 /* YYMemoryCache.h */,
				3B4AF9EA1DA93C2C001E99E3 /* YYMemoryCache.m */,
			);
			path = YYCache;
			sourceTree = "<group>";
		};
		3BAC4A9F1DA9362F005BE24A /* LLNetWorkHelper */ = {
			isa = PBXGroup;
			children = (
				3BAC4AA01DA93665005BE24A /* LLNetWorkHelper.h */,
				3BAC4AA11DA93665005BE24A /* LLNetWorkHelper.m */,
				3B4AFA021DA9452F001E99E3 /* LLNetWorkCache.h */,
				3B4AFA031DA9452F001E99E3 /* LLNetWorkCache.m */,
			);
			path = LLNetWorkHelper;
			sourceTree = "<group>";
		};
		3BCBEA781DA0AD5500BE6315 = {
			isa = PBXGroup;
			children = (
				3BCBEA831DA0AD5500BE6315 /* LSHNetWorkRequest */,
				3BCBEA9D1DA0AD5500BE6315 /* LSHNetWorkRequestTests */,
				3BCBEAA81DA0AD5500BE6315 /* LSHNetWorkRequestUITests */,
				3BCBEA821DA0AD5500BE6315 /* Products */,
			);
			sourceTree = "<group>";
		};
		3BCBEA821DA0AD5500BE6315 /* Products */ = {
			isa = PBXGroup;
			children = (
				3BCBEA811DA0AD5500BE6315 /* LSHNetWorkRequest.app */,
				3BCBEA9A1DA0AD5500BE6315 /* LSHNetWorkRequestTests.xctest */,
				3BCBEAA51DA0AD5500BE6315 /* LSHNetWorkRequestUITests.xctest */,
			);
			name = Products;
			sourceTree = "<group>";
		};
		3BCBEA831DA0AD5500BE6315 /* LSHNetWorkRequest */ = {
			isa = PBXGroup;
			children = (
				3B4AF9B81DA93C2C001E99E3 /* Libs */,
				3BAC4A9F1DA9362F005BE24A /* LLNetWorkHelper */,
				3BCBEA871DA0AD5500BE6315 /* AppDelegate.h */,
				3BCBEA881DA0AD5500BE6315 /* AppDelegate.m */,
				3BCBEA8A1DA0AD5500BE6315 /* ViewController.h */,
				3BCBEA8B1DA0AD5500BE6315 /* ViewController.m */,
				3BCBEA8D1DA0AD5500BE6315 /* Main.storyboard */,
				3BCBEA901DA0AD5500BE6315 /* Assets.xcassets */,
				3BCBEA921DA0AD5500BE6315 /* LaunchScreen.storyboard */,
				3BCBEA951DA0AD5500BE6315 /* Info.plist */,
				3BCBEA841DA0AD5500BE6315 /* Supporting Files */,
			);
			path = LSHNetWorkRequest;
			sourceTree = "<group>";
		};
		3BCBEA841DA0AD5500BE6315 /* Supporting Files */ = {
			isa = PBXGroup;
			children = (
				3BCBEA851DA0AD5500BE6315 /* main.m */,
			);
			name = "Supporting Files";
			sourceTree = "<group>";
		};
		3BCBEA9D1DA0AD5500BE6315 /* LSHNetWorkRequestTests */ = {
			isa = PBXGroup;
			children = (
				3BCBEA9E1DA0AD5500BE6315 /* LSHNetWorkRequestTests.m */,
				3BCBEAA01DA0AD5500BE6315 /* Info.plist */,
			);
			path = LSHNetWorkRequestTests;
			sourceTree = "<group>";
		};
		3BCBEAA81DA0AD5500BE6315 /* LSHNetWorkRequestUITests */ = {
			isa = PBXGroup;
			children = (
				3BCBEAA91DA0AD5500BE6315 /* LSHNetWorkRequestUITests.m */,
				3BCBEAAB1DA0AD5500BE6315 /* Info.plist */,
			);
			path = LSHNetWorkRequestUITests;
			sourceTree = "<group>";
		};
/* End PBXGroup section */

/* Begin PBXNativeTarget section */
		3BCBEA801DA0AD5500BE6315 /* LSHNetWorkRequest */ = {
			isa = PBXNativeTarget;
			buildConfigurationList = 3BCBEAAE1DA0AD5500BE6315 /* Build configuration list for PBXNativeTarget "LSHNetWorkRequest" */;
			buildPhases = (
				3BCBEA7D1DA0AD5500BE6315 /* Sources */,
				3BCBEA7E1DA0AD5500BE6315 /* Frameworks */,
				3BCBEA7F1DA0AD5500BE6315 /* Resources */,
			);
			buildRules = (
			);
			dependencies = (
			);
			name = LSHNetWorkRequest;
			productName = LSHNetWorkRequest;
			productReference = 3BCBEA811DA0AD5500BE6315 /* LSHNetWorkRequest.app */;
			productType = "com.apple.product-type.application";
		};
		3BCBEA991DA0AD5500BE6315 /* LSHNetWorkRequestTests */ = {
			isa = PBXNativeTarget;
			buildConfigurationList = 3BCBEAB11DA0AD5500BE6315 /* Build configuration list for PBXNativeTarget "LSHNetWorkRequestTests" */;
			buildPhases = (
				3BCBEA961DA0AD5500BE6315 /* Sources */,
				3BCBEA971DA0AD5500BE6315 /* Frameworks */,
				3BCBEA981DA0AD5500BE6315 /* Resources */,
			);
			buildRules = (
			);
			dependencies = (
				3BCBEA9C1DA0AD5500BE6315 /* PBXTargetDependency */,
			);
			name = LSHNetWorkRequestTests;
			productName = LSHNetWorkRequestTests;
			productReference = 3BCBEA9A1DA0AD5500BE6315 /* LSHNetWorkRequestTests.xctest */;
			productType = "com.apple.product-type.bundle.unit-test";
		};
		3BCBEAA41DA0AD5500BE6315 /* LSHNetWorkRequestUITests */ = {
			isa = PBXNativeTarget;
			buildConfigurationList = 3BCBEAB41DA0AD5500BE6315 /* Build configuration list for PBXNativeTarget "LSHNetWorkRequestUITests" */;
			buildPhases = (
				3BCBEAA11DA0AD5500BE6315 /* Sources */,
				3BCBEAA21DA0AD5500BE6315 /* Frameworks */,
				3BCBEAA31DA0AD5500BE6315 /* Resources */,
			);
			buildRules = (
			);
			dependencies = (
				3BCBEAA71DA0AD5500BE6315 /* PBXTargetDependency */,
			);
			name = LSHNetWorkRequestUITests;
			productName = LSHNetWorkRequestUITests;
			productReference = 3BCBEAA51DA0AD5500BE6315 /* LSHNetWorkRequestUITests.xctest */;
			productType = "com.apple.product-type.bundle.ui-testing";
		};
/* End PBXNativeTarget section */

/* Begin PBXProject section */
		3BCBEA791DA0AD5500BE6315 /* Project object */ = {
			isa = PBXProject;
			attributes = {
				LastUpgradeCheck = 0730;
				ORGANIZATIONNAME = LSH;
				TargetAttributes = {
					3BCBEA801DA0AD5500BE6315 = {
						CreatedOnToolsVersion = 7.3.1;
					};
					3BCBEA991DA0AD5500BE6315 = {
						CreatedOnToolsVersion = 7.3.1;
						TestTargetID = 3BCBEA801DA0AD5500BE6315;
					};
					3BCBEAA41DA0AD5500BE6315 = {
						CreatedOnToolsVersion = 7.3.1;
						TestTargetID = 3BCBEA801DA0AD5500BE6315;
					};
				};
			};
			buildConfigurationList = 3BCBEA7C1DA0AD5500BE6315 /* Build configuration list for PBXProject "LSHNetWorkRequest" */;
			compatibilityVersion = "Xcode 3.2";
			developmentRegion = English;
			hasScannedForEncodings = 0;
			knownRegions = (
				en,
				Base,
			);
			mainGroup = 3BCBEA781DA0AD5500BE6315;
			productRefGroup = 3BCBEA821DA0AD5500BE6315 /* Products */;
			projectDirPath = "";
			projectRoot = "";
			targets = (
				3BCBEA801DA0AD5500BE6315 /* LSHNetWorkRequest */,
				3BCBEA991DA0AD5500BE6315 /* LSHNetWorkRequestTests */,
				3BCBEAA41DA0AD5500BE6315 /* LSHNetWorkRequestUITests */,
			);
		};
/* End PBXProject section */

/* Begin PBXResourcesBuildPhase section */
		3BCBEA7F1DA0AD5500BE6315 /* Resources */ = {
			isa = PBXResourcesBuildPhase;
			buildActionMask = 2147483647;
			files = (
				3BCBEA941DA0AD5500BE6315 /* LaunchScreen.storyboard in Resources */,
				3BCBEA911DA0AD5500BE6315 /* Assets.xcassets in Resources */,
				3B4AF9F11DA93C2C001E99E3 /* LICENSE in Resources */,
				3BCBEA8F1DA0AD5500BE6315 /* Main.storyboard in Resources */,
				3B4AF9FC1DA93C2C001E99E3 /* LICENSE in Resources */,
			);
			runOnlyForDeploymentPostprocessing = 0;
		};
		3BCBEA981DA0AD5500BE6315 /* Resources */ = {
			isa = PBXResourcesBuildPhase;
			buildActionMask = 2147483647;
			files = (
			);
			runOnlyForDeploymentPostprocessing = 0;
		};
		3BCBEAA31DA0AD5500BE6315 /* Resources */ = {
			isa = PBXResourcesBuildPhase;
			buildActionMask = 2147483647;
			files = (
			);
			runOnlyForDeploymentPostprocessing = 0;
		};
/* End PBXResourcesBuildPhase section */

/* Begin PBXSourcesBuildPhase section */
		3BCBEA7D1DA0AD5500BE6315 /* Sources */ = {
			isa = PBXSourcesBuildPhase;
			buildActionMask = 2147483647;
			files = (
				3B4AFA001DA93C2C001E99E3 /* YYKVStorage.m in Sources */,
				3B4AF9ED1DA93C2C001E99E3 /* AFSecurityPolicy.m in Sources */,
				3B4AF9F81DA93C2C001E99E3 /* UIImageView+AFNetworking.m in Sources */,
				3B4AF9FE1DA93C2C001E99E3 /* YYCache.m in Sources */,
				3B4AF9EF1DA93C2C001E99E3 /* AFURLResponseSerialization.m in Sources */,
				3B4AF9FD1DA93C2C001E99E3 /* README.md in Sources */,
				3B4AF9FF1DA93C2C001E99E3 /* YYDiskCache.m in Sources */,
				3BCBEA8C1DA0AD5500BE6315 /* ViewController.m in Sources */,
				3B4AF9F91DA93C2C001E99E3 /* UIProgressView+AFNetworking.m in Sources */,
				3B4AF9F41DA93C2C001E99E3 /* AFImageDownloader.m in Sources */,
				3B4AF9F31DA93C2C001E99E3 /* AFAutoPurgingImageCache.m in Sources */,
				3BCBEA891DA0AD5500BE6315 /* AppDelegate.m in Sources */,
				3B4AF9F71DA93C2C001E99E3 /* UIButton+AFNetworking.m in Sources */,
				3B4AFA011DA93C2C001E99E3 /* YYMemoryCache.m in Sources */,
				3B4AF9F61DA93C2C001E99E3 /* UIActivityIndicatorView+AFNetworking.m in Sources */,
				3B4AF9EB1DA93C2C001E99E3 /* AFHTTPSessionManager.m in Sources */,
				3B4AF9FA1DA93C2C001E99E3 /* UIRefreshControl+AFNetworking.m in Sources */,
				3B4AF9FB1DA93C2C001E99E3 /* UIWebView+AFNetworking.m in Sources */,
				3B4AF9F01DA93C2C001E99E3 /* AFURLSessionManager.m in Sources */,
				3B4AFA041DA9452F001E99E3 /* LLNetWorkCache.m in Sources */,
				3BAC4AA21DA93665005BE24A /* LLNetWorkHelper.m in Sources */,
				3B4AF9EC1DA93C2C001E99E3 /* AFNetworkReachabilityManager.m in Sources */,
				3BCBEA861DA0AD5500BE6315 /* main.m in Sources */,
				3B4AF9F21DA93C2C001E99E3 /* README.md in Sources */,
				3B4AF9F51DA93C2C001E99E3 /* AFNetworkActivityIndicatorManager.m in Sources */,
				3B4AF9EE1DA93C2C001E99E3 /* AFURLRequestSerialization.m in Sources */,
			);
			runOnlyForDeploymentPostprocessing = 0;
		};
		3BCBEA961DA0AD5500BE6315 /* Sources */ = {
			isa = PBXSourcesBuildPhase;
			buildActionMask = 2147483647;
			files = (
				3BCBEA9F1DA0AD5500BE6315 /* LSHNetWorkRequestTests.m in Sources */,
			);
			runOnlyForDeploymentPostprocessing = 0;
		};
		3BCBEAA11DA0AD5500BE6315 /* Sources */ = {
			isa = PBXSourcesBuildPhase;
			buildActionMask = 2147483647;
			files = (
				3BCBEAAA1DA0AD5500BE6315 /* LSHNetWorkRequestUITests.m in Sources */,
			);
			runOnlyForDeploymentPostprocessing = 0;
		};
/* End PBXSourcesBuildPhase section */

/* Begin PBXTargetDependency section */
		3BCBEA9C1DA0AD5500BE6315 /* PBXTargetDependency */ = {
			isa = PBXTargetDependency;
			target = 3BCBEA801DA0AD5500BE6315 /* LSHNetWorkRequest */;
			targetProxy = 3BCBEA9B1DA0AD5500BE6315 /* PBXContainerItemProxy */;
		};
		3BCBEAA71DA0AD5500BE6315 /* PBXTargetDependency */ = {
			isa = PBXTargetDependency;
			target = 3BCBEA801DA0AD5500BE6315 /* LSHNetWorkRequest */;
			targetProxy = 3BCBEAA61DA0AD5500BE6315 /* PBXContainerItemProxy */;
		};
/* End PBXTargetDependency section */

/* Begin PBXVariantGroup section */
		3BCBEA8D1DA0AD5500BE6315 /* Main.storyboard */ = {
			isa = PBXVariantGroup;
			children = (
				3BCBEA8E1DA0AD5500BE6315 /* Base */,
			);
			name = Main.storyboard;
			sourceTree = "<group>";
		};
		3BCBEA921DA0AD5500BE6315 /* LaunchScreen.storyboard */ = {
			isa = PBXVariantGroup;
			children = (
				3BCBEA931DA0AD5500BE6315 /* Base */,
			);
			name = LaunchScreen.storyboard;
			sourceTree = "<group>";
		};
/* End PBXVariantGroup section */

/* Begin XCBuildConfiguration section */
		3BCBEAAC1DA0AD5500BE6315 /* Debug */ = {
			isa = XCBuildConfiguration;
			buildSettings = {
				ALWAYS_SEARCH_USER_PATHS = NO;
				CLANG_ANALYZER_NONNULL = YES;
				CLANG_CXX_LANGUAGE_STANDARD = "gnu++0x";
				CLANG_CXX_LIBRARY = "libc++";
				CLANG_ENABLE_MODULES = YES;
				CLANG_ENABLE_OBJC_ARC = YES;
				CLANG_WARN_BOOL_CONVERSION = YES;
				CLANG_WARN_CONSTANT_CONVERSION = YES;
				CLANG_WARN_DIRECT_OBJC_ISA_USAGE = YES_ERROR;
				CLANG_WARN_EMPTY_BODY = YES;
				CLANG_WARN_ENUM_CONVERSION = YES;
				CLANG_WARN_INT_CONVERSION = YES;
				CLANG_WARN_OBJC_ROOT_CLASS = YES_ERROR;
				CLANG_WARN_UNREACHABLE_CODE = YES;
				CLANG_WARN__DUPLICATE_METHOD_MATCH = YES;
				"CODE_SIGN_IDENTITY[sdk=iphoneos*]" = "iPhone Developer";
				COPY_PHASE_STRIP = NO;
				DEBUG_INFORMATION_FORMAT = dwarf;
				ENABLE_STRICT_OBJC_MSGSEND = YES;
				ENABLE_TESTABILITY = YES;
				GCC_C_LANGUAGE_STANDARD = gnu99;
				GCC_DYNAMIC_NO_PIC = NO;
				GCC_NO_COMMON_BLOCKS = YES;
				GCC_OPTIMIZATION_LEVEL = 0;
				GCC_PREPROCESSOR_DEFINITIONS = (
					"DEBUG=1",
					"$(inherited)",
				);
				GCC_WARN_64_TO_32_BIT_CONVERSION = YES;
				GCC_WARN_ABOUT_RETURN_TYPE = YES_ERROR;
				GCC_WARN_UNDECLARED_SELECTOR = YES;
				GCC_WARN_UNINITIALIZED_AUTOS = YES_AGGRESSIVE;
				GCC_WARN_UNUSED_FUNCTION = YES;
				GCC_WARN_UNUSED_VARIABLE = YES;
				IPHONEOS_DEPLOYMENT_TARGET = 9.3;
				MTL_ENABLE_DEBUG_INFO = YES;
				ONLY_ACTIVE_ARCH = YES;
				SDKROOT = iphoneos;
			};
			name = Debug;
		};
		3BCBEAAD1DA0AD5500BE6315 /* Release */ = {
			isa = XCBuildConfiguration;
			buildSettings = {
				ALWAYS_SEARCH_USER_PATHS = NO;
				CLANG_ANALYZER_NONNULL = YES;
				CLANG_CXX_LANGUAGE_STANDARD = "gnu++0x";
				CLANG_CXX_LIBRARY = "libc++";
				CLANG_ENABLE_MODULES = YES;
				CLANG_ENABLE_OBJC_ARC = YES;
				CLANG_WARN_BOOL_CONVERSION = YES;
				CLANG_WARN_CONSTANT_CONVERSION = YES;
				CLANG_WARN_DIRECT_OBJC_ISA_USAGE = YES_ERROR;
				CLANG_WARN_EMPTY_BODY = YES;
				CLANG_WARN_ENUM_CONVERSION = YES;
				CLANG_WARN_INT_CONVERSION = YES;
				CLANG_WARN_OBJC_ROOT_CLASS = YES_ERROR;
				CLANG_WARN_UNREACHABLE_CODE = YES;
				CLANG_WARN__DUPLICATE_METHOD_MATCH = YES;
				"CODE_SIGN_IDENTITY[sdk=iphoneos*]" = "iPhone Developer";
				COPY_PHASE_STRIP = NO;
				DEBUG_INFORMATION_FORMAT = "dwarf-with-dsym";
				ENABLE_NS_ASSERTIONS = NO;
				ENABLE_STRICT_OBJC_MSGSEND = YES;
				GCC_C_LANGUAGE_STANDARD = gnu99;
				GCC_NO_COMMON_BLOCKS = YES;
				GCC_WARN_64_TO_32_BIT_CONVERSION = YES;
				GCC_WARN_ABOUT_RETURN_TYPE = YES_ERROR;
				GCC_WARN_UNDECLARED_SELECTOR = YES;
				GCC_WARN_UNINITIALIZED_AUTOS = YES_AGGRESSIVE;
				GCC_WARN_UNUSED_FUNCTION = YES;
				GCC_WARN_UNUSED_VARIABLE = YES;
				IPHONEOS_DEPLOYMENT_TARGET = 9.3;
				MTL_ENABLE_DEBUG_INFO = NO;
				SDKROOT = iphoneos;
				VALIDATE_PRODUCT = YES;
			};
			name = Release;
		};
		3BCBEAAF1DA0AD5500BE6315 /* Debug */ = {
			isa = XCBuildConfiguration;
			buildSettings = {
				ASSETCATALOG_COMPILER_APPICON_NAME = AppIcon;
				INFOPLIST_FILE = LSHNetWorkRequest/Info.plist;
				LD_RUNPATH_SEARCH_PATHS = "$(inherited) @executable_path/Frameworks";
				PRODUCT_BUNDLE_IDENTIFIER = com.Study.LSHNetWorkRequest;
				PRODUCT_NAME = "$(TARGET_NAME)";
			};
			name = Debug;
		};
		3BCBEAB01DA0AD5500BE6315 /* Release */ = {
			isa = XCBuildConfiguration;
			buildSettings = {
				ASSETCATALOG_COMPILER_APPICON_NAME = AppIcon;
				INFOPLIST_FILE = LSHNetWorkRequest/Info.plist;
				LD_RUNPATH_SEARCH_PATHS = "$(inherited) @executable_path/Frameworks";
				PRODUCT_BUNDLE_IDENTIFIER = com.Study.LSHNetWorkRequest;
				PRODUCT_NAME = "$(TARGET_NAME)";
			};
			name = Release;
		};
		3BCBEAB21DA0AD5500BE6315 /* Debug */ = {
			isa = XCBuildConfiguration;
			buildSettings = {
				BUNDLE_LOADER = "$(TEST_HOST)";
				INFOPLIST_FILE = LSHNetWorkRequestTests/Info.plist;
				LD_RUNPATH_SEARCH_PATHS = "$(inherited) @executable_path/Frameworks @loader_path/Frameworks";
				PRODUCT_BUNDLE_IDENTIFIER = com.Study.LSHNetWorkRequestTests;
				PRODUCT_NAME = "$(TARGET_NAME)";
				TEST_HOST = "$(BUILT_PRODUCTS_DIR)/LSHNetWorkRequest.app/LSHNetWorkRequest";
			};
			name = Debug;
		};
		3BCBEAB31DA0AD5500BE6315 /* Release */ = {
			isa = XCBuildConfiguration;
			buildSettings = {
				BUNDLE_LOADER = "$(TEST_HOST)";
				INFOPLIST_FILE = LSHNetWorkRequestTests/Info.plist;
				LD_RUNPATH_SEARCH_PATHS = "$(inherited) @executable_path/Frameworks @loader_path/Frameworks";
				PRODUCT_BUNDLE_IDENTIFIER = com.Study.LSHNetWorkRequestTests;
				PRODUCT_NAME = "$(TARGET_NAME)";
				TEST_HOST = "$(BUILT_PRODUCTS_DIR)/LSHNetWorkRequest.app/LSHNetWorkRequest";
			};
			name = Release;
		};
		3BCBEAB51DA0AD5500BE6315 /* Debug */ = {
			isa = XCBuildConfiguration;
			buildSettings = {
				INFOPLIST_FILE = LSHNetWorkRequestUITests/Info.plist;
				LD_RUNPATH_SEARCH_PATHS = "$(inherited) @executable_path/Frameworks @loader_path/Frameworks";
				PRODUCT_BUNDLE_IDENTIFIER = com.Study.LSHNetWorkRequestUITests;
				PRODUCT_NAME = "$(TARGET_NAME)";
				TEST_TARGET_NAME = LSHNetWorkRequest;
			};
			name = Debug;
		};
		3BCBEAB61DA0AD5500BE6315 /* Release */ = {
			isa = XCBuildConfiguration;
			buildSettings = {
				INFOPLIST_FILE = LSHNetWorkRequestUITests/Info.plist;
				LD_RUNPATH_SEARCH_PATHS = "$(inherited) @executable_path/Frameworks @loader_path/Frameworks";
				PRODUCT_BUNDLE_IDENTIFIER = com.Study.LSHNetWorkRequestUITests;
				PRODUCT_NAME = "$(TARGET_NAME)";
				TEST_TARGET_NAME = LSHNetWorkRequest;
			};
			name = Release;
		};
/* End XCBuildConfiguration section */

/* Begin XCConfigurationList section */
		3BCBEA7C1DA0AD5500BE6315 /* Build configuration list for PBXProject "LSHNetWorkRequest" */ = {
			isa = XCConfigurationList;
			buildConfigurations = (
				3BCBEAAC1DA0AD5500BE6315 /* Debug */,
				3BCBEAAD1DA0AD5500BE6315 /* Release */,
			);
			defaultConfigurationIsVisible = 0;
			defaultConfigurationName = Release;
		};
		3BCBEAAE1DA0AD5500BE6315 /* Build configuration list for PBXNativeTarget "LSHNetWorkRequest" */ = {
			isa = XCConfigurationList;
			buildConfigurations = (
				3BCBEAAF1DA0AD5500BE6315 /* Debug */,
				3BCBEAB01DA0AD5500BE6315 /* Release */,
			);
			defaultConfigurationIsVisible = 0;
			defaultConfigurationName = Release;
		};
		3BCBEAB11DA0AD5500BE6315 /* Build configuration list for PBXNativeTarget "LSHNetWorkRequestTests" */ = {
			isa = XCConfigurationList;
			buildConfigurations = (
				3BCBEAB21DA0AD5500BE6315 /* Debug */,
				3BCBEAB31DA0AD5500BE6315 /* Release */,
			);
			defaultConfigurationIsVisible = 0;
			defaultConfigurationName = Release;
		};
		3BCBEAB41DA0AD5500BE6315 /* Build configuration list for PBXNativeTarget "LSHNetWorkRequestUITests" */ = {
			isa = XCConfigurationList;
			buildConfigurations = (
				3BCBEAB51DA0AD5500BE6315 /* Debug */,
				3BCBEAB61DA0AD5500BE6315 /* Release */,
			);
			defaultConfigurationIsVisible = 0;
			defaultConfigurationName = Release;
		};
/* End XCConfigurationList section */
	};
	rootObject = 3BCBEA791DA0AD5500BE6315 /* Project object */;
}
