// !$*UTF8*$!
{
	archiveVersion = 1;
	classes = {
	};
	objectVersion = 46;
	objects = {

/* Begin PBXBuildFile section */
		3BCBEA861DA0AD5500BE6315 /* main.m in Sources */ = {isa = PBXBuildFile; fileRef = 3BCBEA851DA0AD5500BE6315 /* main.m */; };
		3BCBEA891DA0AD5500BE6315 /* AppDelegate.m in Sources */ = {isa = PBXBuildFile; fileRef = 3BCBEA881DA0AD5500BE6315 /* AppDelegate.m */; };
		3BCBEA8C1DA0AD5500BE6315 /* ViewController.m in Sources */ = {isa = PBXBuildFile; fileRef = 3BCBEA8B1DA0AD5500BE6315 /* ViewController.m */; };
		3BCBEA8F1DA0AD5500BE6315 /* Main.storyboard in Resources */ = {isa = PBXBuildFile; fileRef = 3BCBEA8D1DA0AD5500BE6315 /* Main.storyboard */; };
		3BCBEA911DA0AD5500BE6315 /* Assets.xcassets in Resources */ = {isa = PBXBuildFile; fileRef = 3BCBEA901DA0AD5500BE6315 /* Assets.xcassets */; };
		3BCBEA941DA0AD5500BE6315 /* LaunchScreen.storyboard in Resources */ = {isa = PBXBuildFile; fileRef = 3BCBEA921DA0AD5500BE6315 /* LaunchScreen.storyboard */; };
		3BCBEA9F1DA0AD5500BE6315 /* LSHNetWorkRequestTests.m in Sources */ = {isa = PBXBuildFile; fileRef = 3BCBEA9E1DA0AD5500BE6315 /* LSHNetWorkRequestTests.m */; };
		3BCBEAAA1DA0AD5500BE6315 /* LSHNetWorkRequestUITests.m in Sources */ = {isa = PBXBuildFile; fileRef = 3BCBEAA91DA0AD5500BE6315 /* LSHNetWorkRequestUITests.m */; };
/* End PBXBuildFile section */

/* Begin PBXContainerItemProxy section */
		3BCBEA9B1DA0AD5500BE6315 /* PBXContainerItemProxy */ = {
			isa = PBXContainerItemProxy;
			containerPortal = 3BCBEA791DA0AD5500BE6315 /* Project object */;
			proxyType = 1;
			remoteGlobalIDString = 3BCBEA801DA0AD5500BE6315;
			remoteInfo = LSHNetWorkRequest;
		};
		3BCBEAA61DA0AD5500BE6315 /* PBXContainerItemProxy */ = {
			isa = PBXContainerItemProxy;
			containerPortal = 3BCBEA791DA0AD5500BE6315 /* Project object */;
			proxyType = 1;
			remoteGlobalIDString = 3BCBEA801DA0AD5500BE6315;
			remoteInfo = LSHNetWorkRequest;
		};
/* End PBXContainerItemProxy section */

/* Begin PBXFileReference section */
		3BCBEA811DA0AD5500BE6315 /* LSHNetWorkRequest.app */ = {isa = PBXFileReference; explicitFileType = wrapper.application; includeInIndex = 0; path = LSHNetWorkRequest.app; sourceTree = BUILT_PRODUCTS_DIR; };
		3BCBEA851DA0AD5500BE6315 /* main.m */ = {isa = PBXFileReference; lastKnownFileType = sourcecode.c.objc; path = main.m; sourceTree = "<group>"; };
		3BCBEA871DA0AD5500BE6315 /* AppDelegate.h */ = {isa = PBXFileReference; lastKnownFileType = sourcecode.c.h; path = AppDelegate.h; sourceTree = "<group>"; };
		3BCBEA881DA0AD5500BE6315 /* AppDelegate.m */ = {isa = PBXFileReference; lastKnownFileType = sourcecode.c.objc; path = AppDelegate.m; sourceTree = "<group>"; };
		3BCBEA8A1DA0AD5500BE6315 /* ViewController.h */ = {isa = PBXFileReference; lastKnownFileType = sourcecode.c.h; path = ViewController.h; sourceTree = "<group>"; };
		3BCBEA8B1DA0AD5500BE6315 /* ViewController.m */ = {isa = PBXFileReference; lastKnownFileType = sourcecode.c.objc; path = ViewController.m; sourceTree = "<group>"; };
		3BCBEA8E1DA0AD5500BE6315 /* Base */ = {isa = PBXFileReference; lastKnownFileType = file.storyboard; name = Base; path = Base.lproj/Main.storyboard; sourceTree = "<group>"; };
		3BCBEA901DA0AD5500BE6315 /* Assets.xcassets */ = {isa = PBXFileReference; lastKnownFileType = folder.assetcatalog; path = Assets.xcassets; sourceTree = "<group>"; };
		3BCBEA931DA0AD5500BE6315 /* Base */ = {isa = PBXFileReference; lastKnownFileType = file.storyboard; name = Base; path = Base.lproj/LaunchScreen.storyboard; sourceTree = "<group>"; };
		3BCBEA951DA0AD5500BE6315 /* Info.plist */ = {isa = PBXFileReference; lastKnownFileType = text.plist.xml; path = Info.plist; sourceTree = "<group>"; };
		3BCBEA9A1DA0AD5500BE6315 /* LSHNetWorkRequestTests.xctest */ = {isa = PBXFileReference; explicitFileType = wrapper.cfbundle; includeInIndex = 0; path = LSHNetWorkRequestTests.xctest; sourceTree = BUILT_PRODUCTS_DIR; };
		3BCBEA9E1DA0AD5500BE6315 /* LSHNetWorkRequestTests.m */ = {isa = PBXFileReference; lastKnownFileType = sourcecode.c.objc; path = LSHNetWorkRequestTests.m; sourceTree = "<group>"; };
		3BCBEAA01DA0AD5500BE6315 /* Info.plist */ = {isa = PBXFileReference; lastKnownFileType = text.plist.xml; path = Info.plist; sourceTree = "<group>"; };
		3BCBEAA51DA0AD5500BE6315 /* LSHNetWorkRequestUITests.xctest */ = {isa = PBXFileReference; explicitFileType = wrapper.cfbundle; includeInIndex = 0; path = LSHNetWorkRequestUITests.xctest; sourceTree = BUILT_PRODUCTS_DIR; };
		3BCBEAA91DA0AD5500BE6315 /* LSHNetWorkRequestUITests.m */ = {isa = PBXFileReference; lastKnownFileType = sourcecode.c.objc; path = LSHNetWorkRequestUITests.m; sourceTree = "<group>"; };
		3BCBEAAB1DA0AD5500BE6315 /* Info.plist */ = {isa = PBXFileReference; lastKnownFileType = text.plist.xml; path = Info.plist; sourceTree = "<group>"; };
/* End PBXFileReference section */

/* Begin PBXFrameworksBuildPhase section */
		3BCBEA7E1DA0AD5500BE6315 /* Frameworks */ = {
			isa = PBXFrameworksBuildPhase;
			buildActionMask = 2147483647;
			files = (
			);
			runOnlyForDeploymentPostprocessing = 0;
		};
		3BCBEA971DA0AD5500BE6315 /* Frameworks */ = {
			isa = PBXFrameworksBuildPhase;
			buildActionMask = 2147483647;
			files = (
			);
			runOnlyForDeploymentPostprocessing = 0;
		};
		3BCBEAA21DA0AD5500BE6315 /* Frameworks */ = {
			isa = PBXFrameworksBuildPhase;
			buildActionMask = 2147483647;
			files = (
			);
			runOnlyForDeploymentPostprocessing = 0;
		};
/* End PBXFrameworksBuildPhase section */

/* Begin PBXGroup section */
		3BCBEA781DA0AD5500BE6315 = {
			isa = PBXGroup;
			children = (
				3BCBEA831DA0AD5500BE6315 /* LSHNetWorkRequest */,
				3BCBEA9D1DA0AD5500BE6315 /* LSHNetWorkRequestTests */,
				3BCBEAA81DA0AD5500BE6315 /* LSHNetWorkRequestUITests */,
				3BCBEA821DA0AD5500BE6315 /* Products */,
			);
			sourceTree = "<group>";
		};
		3BCBEA821DA0AD5500BE6315 /* Products */ = {
			isa = PBXGroup;
			children = (
				3BCBEA811DA0AD5500BE6315 /* LSHNetWorkRequest.app */,
				3BCBEA9A1DA0AD5500BE6315 /* LSHNetWorkRequestTests.xctest */,
				3BCBEAA51DA0AD5500BE6315 /* LSHNetWorkRequestUITests.xctest */,
			);
			name = Products;
			sourceTree = "<group>";
		};
		3BCBEA831DA0AD5500BE6315 /* LSHNetWorkRequest */ = {
			isa = PBXGroup;
			children = (
				3BCBEA871DA0AD5500BE6315 /* AppDelegate.h */,
				3BCBEA881DA0AD5500BE6315 /* AppDelegate.m */,
				3BCBEA8A1DA0AD5500BE6315 /* ViewController.h */,
				3BCBEA8B1DA0AD5500BE6315 /* ViewController.m */,
				3BCBEA8D1DA0AD5500BE6315 /* Main.storyboard */,
				3BCBEA901DA0AD5500BE6315 /* Assets.xcassets */,
				3BCBEA921DA0AD5500BE6315 /* LaunchScreen.storyboard */,
				3BCBEA951DA0AD5500BE6315 /* Info.plist */,
				3BCBEA841DA0AD5500BE6315 /* Supporting Files */,
			);
			path = LSHNetWorkRequest;
			sourceTree = "<group>";
		};
		3BCBEA841DA0AD5500BE6315 /* Supporting Files */ = {
			isa = PBXGroup;
			children = (
				3BCBEA851DA0AD5500BE6315 /* main.m */,
			);
			name = "Supporting Files";
			sourceTree = "<group>";
		};
		3BCBEA9D1DA0AD5500BE6315 /* LSHNetWorkRequestTests */ = {
			isa = PBXGroup;
			children = (
				3BCBEA9E1DA0AD5500BE6315 /* LSHNetWorkRequestTests.m */,
				3BCBEAA01DA0AD5500BE6315 /* Info.plist */,
			);
			path = LSHNetWorkRequestTests;
			sourceTree = "<group>";
		};
		3BCBEAA81DA0AD5500BE6315 /* LSHNetWorkRequestUITests */ = {
			isa = PBXGroup;
			children = (
				3BCBEAA91DA0AD5500BE6315 /* LSHNetWorkRequestUITests.m */,
				3BCBEAAB1DA0AD5500BE6315 /* Info.plist */,
			);
			path = LSHNetWorkRequestUITests;
			sourceTree = "<group>";
		};
/* End PBXGroup section */

/* Begin PBXNativeTarget section */
		3BCBEA801DA0AD5500BE6315 /* LSHNetWorkRequest */ = {
			isa = PBXNativeTarget;
			buildConfigurationList = 3BCBEAAE1DA0AD5500BE6315 /* Build configuration list for PBXNativeTarget "LSHNetWorkRequest" */;
			buildPhases = (
				3BCBEA7D1DA0AD5500BE6315 /* Sources */,
				3BCBEA7E1DA0AD5500BE6315 /* Frameworks */,
				3BCBEA7F1DA0AD5500BE6315 /* Resources */,
			);
			buildRules = (
			);
			dependencies = (
			);
			name = LSHNetWorkRequest;
			productName = LSHNetWorkRequest;
			productReference = 3BCBEA811DA0AD5500BE6315 /* LSHNetWorkRequest.app */;
			productType = "com.apple.product-type.application";
		};
		3BCBEA991DA0AD5500BE6315 /* LSHNetWorkRequestTests */ = {
			isa = PBXNativeTarget;
			buildConfigurationList = 3BCBEAB11DA0AD5500BE6315 /* Build configuration list for PBXNativeTarget "LSHNetWorkRequestTests" */;
			buildPhases = (
				3BCBEA961DA0AD5500BE6315 /* Sources */,
				3BCBEA971DA0AD5500BE6315 /* Frameworks */,
				3BCBEA981DA0AD5500BE6315 /* Resources */,
			);
			buildRules = (
			);
			dependencies = (
				3BCBEA9C1DA0AD5500BE6315 /* PBXTargetDependency */,
			);
			name = LSHNetWorkRequestTests;
			productName = LSHNetWorkRequestTests;
			productReference = 3BCBEA9A1DA0AD5500BE6315 /* LSHNetWorkRequestTests.xctest */;
			productType = "com.apple.product-type.bundle.unit-test";
		};
		3BCBEAA41DA0AD5500BE6315 /* LSHNetWorkRequestUITests */ = {
			isa = PBXNativeTarget;
			buildConfigurationList = 3BCBEAB41DA0AD5500BE6315 /* Build configuration list for PBXNativeTarget "LSHNetWorkRequestUITests" */;
			buildPhases = (
				3BCBEAA11DA0AD5500BE6315 /* Sources */,
				3BCBEAA21DA0AD5500BE6315 /* Frameworks */,
				3BCBEAA31DA0AD5500BE6315 /* Resources */,
			);
			buildRules = (
			);
			dependencies = (
				3BCBEAA71DA0AD5500BE6315 /* PBXTargetDependency */,
			);
			name = LSHNetWorkRequestUITests;
			productName = LSHNetWorkRequestUITests;
			productReference = 3BCBEAA51DA0AD5500BE6315 /* LSHNetWorkRequestUITests.xctest */;
			productType = "com.apple.product-type.bundle.ui-testing";
		};
/* End PBXNativeTarget section */

/* Begin PBXProject section */
		3BCBEA791DA0AD5500BE6315 /* Project object */ = {
			isa = PBXProject;
			attributes = {
				LastUpgradeCheck = 0730;
				ORGANIZATIONNAME = LSH;
				TargetAttributes = {
					3BCBEA801DA0AD5500BE6315 = {
						CreatedOnToolsVersion = 7.3.1;
					};
					3BCBEA991DA0AD5500BE6315 = {
						CreatedOnToolsVersion = 7.3.1;
						TestTargetID = 3BCBEA801DA0AD5500BE6315;
					};
					3BCBEAA41DA0AD5500BE6315 = {
						CreatedOnToolsVersion = 7.3.1;
						TestTargetID = 3BCBEA801DA0AD5500BE6315;
					};
				};
			};
			buildConfigurationList = 3BCBEA7C1DA0AD5500BE6315 /* Build configuration list for PBXProject "LSHNetWorkRequest" */;
			compatibilityVersion = "Xcode 3.2";
			developmentRegion = English;
			hasScannedForEncodings = 0;
			knownRegions = (
				en,
				Base,
			);
			mainGroup = 3BCBEA781DA0AD5500BE6315;
			productRefGroup = 3BCBEA821DA0AD5500BE6315 /* Products */;
			projectDirPath = "";
			projectRoot = "";
			targets = (
				3BCBEA801DA0AD5500BE6315 /* LSHNetWorkRequest */,
				3BCBEA991DA0AD5500BE6315 /* LSHNetWorkRequestTests */,
				3BCBEAA41DA0AD5500BE6315 /* LSHNetWorkRequestUITests */,
			);
		};
/* End PBXProject section */

/* Begin PBXResourcesBuildPhase section */
		3BCBEA7F1DA0AD5500BE6315 /* Resources */ = {
			isa = PBXResourcesBuildPhase;
			buildActionMask = 2147483647;
			files = (
				3BCBEA941DA0AD5500BE6315 /* LaunchScreen.storyboard in Resources */,
				3BCBEA911DA0AD5500BE6315 /* Assets.xcassets in Resources */,
				3BCBEA8F1DA0AD5500BE6315 /* Main.storyboard in Resources */,
			);
			runOnlyForDeploymentPostprocessing = 0;
		};
		3BCBEA981DA0AD5500BE6315 /* Resources */ = {
			isa = PBXResourcesBuildPhase;
			buildActionMask = 2147483647;
			files = (
			);
			runOnlyForDeploymentPostprocessing = 0;
		};
		3BCBEAA31DA0AD5500BE6315 /* Resources */ = {
			isa = PBXResourcesBuildPhase;
			buildActionMask = 2147483647;
			files = (
			);
			runOnlyForDeploymentPostprocessing = 0;
		};
/* End PBXResourcesBuildPhase section */

/* Begin PBXSourcesBuildPhase section */
		3BCBEA7D1DA0AD5500BE6315 /* Sources */ = {
			isa = PBXSourcesBuildPhase;
			buildActionMask = 2147483647;
			files = (
				3BCBEA8C1DA0AD5500BE6315 /* ViewController.m in Sources */,
				3BCBEA891DA0AD5500BE6315 /* AppDelegate.m in Sources */,
				3BCBEA861DA0AD5500BE6315 /* main.m in Sources */,
			);
			runOnlyForDeploymentPostprocessing = 0;
		};
		3BCBEA961DA0AD5500BE6315 /* Sources */ = {
			isa = PBXSourcesBuildPhase;
			buildActionMask = 2147483647;
			files = (
				3BCBEA9F1DA0AD5500BE6315 /* LSHNetWorkRequestTests.m in Sources */,
			);
			runOnlyForDeploymentPostprocessing = 0;
		};
		3BCBEAA11DA0AD5500BE6315 /* Sources */ = {
			isa = PBXSourcesBuildPhase;
			buildActionMask = 2147483647;
			files = (
				3BCBEAAA1DA0AD5500BE6315 /* LSHNetWorkRequestUITests.m in Sources */,
			);
			runOnlyForDeploymentPostprocessing = 0;
		};
/* End PBXSourcesBuildPhase section */

/* Begin PBXTargetDependency section */
		3BCBEA9C1DA0AD5500BE6315 /* PBXTargetDependency */ = {
			isa = PBXTargetDependency;
			target = 3BCBEA801DA0AD5500BE6315 /* LSHNetWorkRequest */;
			targetProxy = 3BCBEA9B1DA0AD5500BE6315 /* PBXContainerItemProxy */;
		};
		3BCBEAA71DA0AD5500BE6315 /* PBXTargetDependency */ = {
			isa = PBXTargetDependency;
			target = 3BCBEA801DA0AD5500BE6315 /* LSHNetWorkRequest */;
			targetProxy = 3BCBEAA61DA0AD5500BE6315 /* PBXContainerItemProxy */;
		};
/* End PBXTargetDependency section */

/* Begin PBXVariantGroup section */
		3BCBEA8D1DA0AD5500BE6315 /* Main.storyboard */ = {
			isa = PBXVariantGroup;
			children = (
				3BCBEA8E1DA0AD5500BE6315 /* Base */,
			);
			name = Main.storyboard;
			sourceTree = "<group>";
		};
		3BCBEA921DA0AD5500BE6315 /* LaunchScreen.storyboard */ = {
			isa = PBXVariantGroup;
			children = (
				3BCBEA931DA0AD5500BE6315 /* Base */,
			);
			name = LaunchScreen.storyboard;
			sourceTree = "<group>";
		};
/* End PBXVariantGroup section */

/* Begin XCBuildConfiguration section */
		3BCBEAAC1DA0AD5500BE6315 /* Debug */ = {
			isa = XCBuildConfiguration;
			buildSettings = {
				ALWAYS_SEARCH_USER_PATHS = NO;
				CLANG_ANALYZER_NONNULL = YES;
				CLANG_CXX_LANGUAGE_STANDARD = "gnu++0x";
				CLANG_CXX_LIBRARY = "libc++";
				CLANG_ENABLE_MODULES = YES;
				CLANG_ENABLE_OBJC_ARC = YES;
				CLANG_WARN_BOOL_CONVERSION = YES;
				CLANG_WARN_CONSTANT_CONVERSION = YES;
				CLANG_WARN_DIRECT_OBJC_ISA_USAGE = YES_ERROR;
				CLANG_WARN_EMPTY_BODY = YES;
				CLANG_WARN_ENUM_CONVERSION = YES;
				CLANG_WARN_INT_CONVERSION = YES;
				CLANG_WARN_OBJC_ROOT_CLASS = YES_ERROR;
				CLANG_WARN_UNREACHABLE_CODE = YES;
				CLANG_WARN__DUPLICATE_METHOD_MATCH = YES;
				"CODE_SIGN_IDENTITY[sdk=iphoneos*]" = "iPhone Developer";
				COPY_PHASE_STRIP = NO;
				DEBUG_INFORMATION_FORMAT = dwarf;
				ENABLE_STRICT_OBJC_MSGSEND = YES;
				ENABLE_TESTABILITY = YES;
				GCC_C_LANGUAGE_STANDARD = gnu99;
				GCC_DYNAMIC_NO_PIC = NO;
				GCC_NO_COMMON_BLOCKS = YES;
				GCC_OPTIMIZATION_LEVEL = 0;
				GCC_PREPROCESSOR_DEFINITIONS = (
					"DEBUG=1",
					"$(inherited)",
				);
				GCC_WARN_64_TO_32_BIT_CONVERSION = YES;
				GCC_WARN_ABOUT_RETURN_TYPE = YES_ERROR;
				GCC_WARN_UNDECLARED_SELECTOR = YES;
				GCC_WARN_UNINITIALIZED_AUTOS = YES_AGGRESSIVE;
				GCC_WARN_UNUSED_FUNCTION = YES;
				GCC_WARN_UNUSED_VARIABLE = YES;
				IPHONEOS_DEPLOYMENT_TARGET = 9.3;
				MTL_ENABLE_DEBUG_INFO = YES;
				ONLY_ACTIVE_ARCH = YES;
				SDKROOT = iphoneos;
			};
			name = Debug;
		};
		3BCBEAAD1DA0AD5500BE6315 /* Release */ = {
			isa = XCBuildConfiguration;
			buildSettings = {
				ALWAYS_SEARCH_USER_PATHS = NO;
				CLANG_ANALYZER_NONNULL = YES;
				CLANG_CXX_LANGUAGE_STANDARD = "gnu++0x";
				CLANG_CXX_LIBRARY = "libc++";
				CLANG_ENABLE_MODULES = YES;
				CLANG_ENABLE_OBJC_ARC = YES;
				CLANG_WARN_BOOL_CONVERSION = YES;
				CLANG_WARN_CONSTANT_CONVERSION = YES;
				CLANG_WARN_DIRECT_OBJC_ISA_USAGE = YES_ERROR;
				CLANG_WARN_EMPTY_BODY = YES;
				CLANG_WARN_ENUM_CONVERSION = YES;
				CLANG_WARN_INT_CONVERSION = YES;
				CLANG_WARN_OBJC_ROOT_CLASS = YES_ERROR;
				CLANG_WARN_UNREACHABLE_CODE = YES;
				CLANG_WARN__DUPLICATE_METHOD_MATCH = YES;
				"CODE_SIGN_IDENTITY[sdk=iphoneos*]" = "iPhone Developer";
				COPY_PHASE_STRIP = NO;
				DEBUG_INFORMATION_FORMAT = "dwarf-with-dsym";
				ENABLE_NS_ASSERTIONS = NO;
				ENABLE_STRICT_OBJC_MSGSEND = YES;
				GCC_C_LANGUAGE_STANDARD = gnu99;
				GCC_NO_COMMON_BLOCKS = YES;
				GCC_WARN_64_TO_32_BIT_CONVERSION = YES;
				GCC_WARN_ABOUT_RETURN_TYPE = YES_ERROR;
				GCC_WARN_UNDECLARED_SELECTOR = YES;
				GCC_WARN_UNINITIALIZED_AUTOS = YES_AGGRESSIVE;
				GCC_WARN_UNUSED_FUNCTION = YES;
				GCC_WARN_UNUSED_VARIABLE = YES;
				IPHONEOS_DEPLOYMENT_TARGET = 9.3;
				MTL_ENABLE_DEBUG_INFO = NO;
				SDKROOT = iphoneos;
				VALIDATE_PRODUCT = YES;
			};
			name = Release;
		};
		3BCBEAAF1DA0AD5500BE6315 /* Debug */ = {
			isa = XCBuildConfiguration;
			buildSettings = {
				ASSETCATALOG_COMPILER_APPICON_NAME = AppIcon;
				INFOPLIST_FILE = LSHNetWorkRequest/Info.plist;
				LD_RUNPATH_SEARCH_PATHS = "$(inherited) @executable_path/Frameworks";
				PRODUCT_BUNDLE_IDENTIFIER = com.Study.LSHNetWorkRequest;
				PRODUCT_NAME = "$(TARGET_NAME)";
			};
			name = Debug;
		};
		3BCBEAB01DA0AD5500BE6315 /* Release */ = {
			isa = XCBuildConfiguration;
			buildSettings = {
				ASSETCATALOG_COMPILER_APPICON_NAME = AppIcon;
				INFOPLIST_FILE = LSHNetWorkRequest/Info.plist;
				LD_RUNPATH_SEARCH_PATHS = "$(inherited) @executable_path/Frameworks";
				PRODUCT_BUNDLE_IDENTIFIER = com.Study.LSHNetWorkRequest;
				PRODUCT_NAME = "$(TARGET_NAME)";
			};
			name = Release;
		};
		3BCBEAB21DA0AD5500BE6315 /* Debug */ = {
			isa = XCBuildConfiguration;
			buildSettings = {
				BUNDLE_LOADER = "$(TEST_HOST)";
				INFOPLIST_FILE = LSHNetWorkRequestTests/Info.plist;
				LD_RUNPATH_SEARCH_PATHS = "$(inherited) @executable_path/Frameworks @loader_path/Frameworks";
				PRODUCT_BUNDLE_IDENTIFIER = com.Study.LSHNetWorkRequestTests;
				PRODUCT_NAME = "$(TARGET_NAME)";
				TEST_HOST = "$(BUILT_PRODUCTS_DIR)/LSHNetWorkRequest.app/LSHNetWorkRequest";
			};
			name = Debug;
		};
		3BCBEAB31DA0AD5500BE6315 /* Release */ = {
			isa = XCBuildConfiguration;
			buildSettings = {
				BUNDLE_LOADER = "$(TEST_HOST)";
				INFOPLIST_FILE = LSHNetWorkRequestTests/Info.plist;
				LD_RUNPATH_SEARCH_PATHS = "$(inherited) @executable_path/Frameworks @loader_path/Frameworks";
				PRODUCT_BUNDLE_IDENTIFIER = com.Study.LSHNetWorkRequestTests;
				PRODUCT_NAME = "$(TARGET_NAME)";
				TEST_HOST = "$(BUILT_PRODUCTS_DIR)/LSHNetWorkRequest.app/LSHNetWorkRequest";
			};
			name = Release;
		};
		3BCBEAB51DA0AD5500BE6315 /* Debug */ = {
			isa = XCBuildConfiguration;
			buildSettings = {
				INFOPLIST_FILE = LSHNetWorkRequestUITests/Info.plist;
				LD_RUNPATH_SEARCH_PATHS = "$(inherited) @executable_path/Frameworks @loader_path/Frameworks";
				PRODUCT_BUNDLE_IDENTIFIER = com.Study.LSHNetWorkRequestUITests;
				PRODUCT_NAME = "$(TARGET_NAME)";
				TEST_TARGET_NAME = LSHNetWorkRequest;
			};
			name = Debug;
		};
		3BCBEAB61DA0AD5500BE6315 /* Release */ = {
			isa = XCBuildConfiguration;
			buildSettings = {
				INFOPLIST_FILE = LSHNetWorkRequestUITests/Info.plist;
				LD_RUNPATH_SEARCH_PATHS = "$(inherited) @executable_path/Frameworks @loader_path/Frameworks";
				PRODUCT_BUNDLE_IDENTIFIER = com.Study.LSHNetWorkRequestUITests;
				PRODUCT_NAME = "$(TARGET_NAME)";
				TEST_TARGET_NAME = LSHNetWorkRequest;
			};
			name = Release;
		};
/* End XCBuildConfiguration section */

/* Begin XCConfigurationList section */
		3BCBEA7C1DA0AD5500BE6315 /* Build configuration list for PBXProject "LSHNetWorkRequest" */ = {
			isa = XCConfigurationList;
			buildConfigurations = (
				3BCBEAAC1DA0AD5500BE6315 /* Debug */,
				3BCBEAAD1DA0AD5500BE6315 /* Release */,
			);
			defaultConfigurationIsVisible = 0;
			defaultConfigurationName = Release;
		};
		3BCBEAAE1DA0AD5500BE6315 /* Build configuration list for PBXNativeTarget "LSHNetWorkRequest" */ = {
			isa = XCConfigurationList;
			buildConfigurations = (
				3BCBEAAF1DA0AD5500BE6315 /* Debug */,
				3BCBEAB01DA0AD5500BE6315 /* Release */,
			);
			defaultConfigurationIsVisible = 0;
		};
		3BCBEAB11DA0AD5500BE6315 /* Build configuration list for PBXNativeTarget "LSHNetWorkRequestTests" */ = {
			isa = XCConfigurationList;
			buildConfigurations = (
				3BCBEAB21DA0AD5500BE6315 /* Debug */,
				3BCBEAB31DA0AD5500BE6315 /* Release */,
			);
			defaultConfigurationIsVisible = 0;
		};
		3BCBEAB41DA0AD5500BE6315 /* Build configuration list for PBXNativeTarget "LSHNetWorkRequestUITests" */ = {
			isa = XCConfigurationList;
			buildConfigurations = (
				3BCBEAB51DA0AD5500BE6315 /* Debug */,
				3BCBEAB61DA0AD5500BE6315 /* Release */,
			);
			defaultConfigurationIsVisible = 0;
		};
/* End XCConfigurationList section */
	};
	rootObject = 3BCBEA791DA0AD5500BE6315 /* Project object */;
}
